// !$*UTF8*$!
{
	archiveVersion = 1;
	classes = {
	};
	objectVersion = 46;
	objects = {

/* Begin PBXBuildFile section */
		2FD6B11C1CC92E5300189105 /* AppDelegate.swift in Sources */ = {isa = PBXBuildFile; fileRef = 2FD6B11B1CC92E5300189105 /* AppDelegate.swift */; };
		2FD6B11E1CC92E5300189105 /* ViewController.swift in Sources */ = {isa = PBXBuildFile; fileRef = 2FD6B11D1CC92E5300189105 /* ViewController.swift */; };
		2FD6B1211CC92E5300189105 /* Main.storyboard in Resources */ = {isa = PBXBuildFile; fileRef = 2FD6B11F1CC92E5300189105 /* Main.storyboard */; };
		2FD6B1231CC92E5300189105 /* Assets.xcassets in Resources */ = {isa = PBXBuildFile; fileRef = 2FD6B1221CC92E5300189105 /* Assets.xcassets */; };
		2FD6B1261CC92E5300189105 /* LaunchScreen.storyboard in Resources */ = {isa = PBXBuildFile; fileRef = 2FD6B1241CC92E5300189105 /* LaunchScreen.storyboard */; };
		2FD6B12E1CC92FC700189105 /* Money.swift in Sources */ = {isa = PBXBuildFile; fileRef = 2FD6B12D1CC92FC700189105 /* Money.swift */; };
/* End PBXBuildFile section */

/* Begin PBXFileReference section */
		2FD6B1181CC92E5300189105 /* convertCurrency.app */ = {isa = PBXFileReference; explicitFileType = wrapper.application; includeInIndex = 0; path = convertCurrency.app; sourceTree = BUILT_PRODUCTS_DIR; };
		2FD6B11B1CC92E5300189105 /* AppDelegate.swift */ = {isa = PBXFileReference; lastKnownFileType = sourcecode.swift; path = AppDelegate.swift; sourceTree = "<group>"; };
		2FD6B11D1CC92E5300189105 /* ViewController.swift */ = {isa = PBXFileReference; lastKnownFileType = sourcecode.swift; path = ViewController.swift; sourceTree = "<group>"; };
		2FD6B1201CC92E5300189105 /* Base */ = {isa = PBXFileReference; lastKnownFileType = file.storyboard; name = Base; path = Base.lproj/Main.storyboard; sourceTree = "<group>"; };
		2FD6B1221CC92E5300189105 /* Assets.xcassets */ = {isa = PBXFileReference; lastKnownFileType = folder.assetcatalog; path = Assets.xcassets; sourceTree = "<group>"; };
		2FD6B1251CC92E5300189105 /* Base */ = {isa = PBXFileReference; lastKnownFileType = file.storyboard; name = Base; path = Base.lproj/LaunchScreen.storyboard; sourceTree = "<group>"; };
		2FD6B1271CC92E5300189105 /* Info.plist */ = {isa = PBXFileReference; lastKnownFileType = text.plist.xml; path = Info.plist; sourceTree = "<group>"; };
		2FD6B12D1CC92FC700189105 /* Money.swift */ = {isa = PBXFileReference; fileEncoding = 4; lastKnownFileType = sourcecode.swift; path = Money.swift; sourceTree = "<group>"; };
/* End PBXFileReference section */

/* Begin PBXFrameworksBuildPhase section */
		2FD6B1151CC92E5300189105 /* Frameworks */ = {
			isa = PBXFrameworksBuildPhase;
			buildActionMask = 2147483647;
			files = (
			);
			runOnlyForDeploymentPostprocessing = 0;
		};
/* End PBXFrameworksBuildPhase section */

/* Begin PBXGroup section */
		2FD6B10F1CC92E5300189105 = {
			isa = PBXGroup;
			children = (
				2FD6B11A1CC92E5300189105 /* convertCurrency */,
				2FD6B1191CC92E5300189105 /* Products */,
			);
			sourceTree = "<group>";
		};
		2FD6B1191CC92E5300189105 /* Products */ = {
			isa = PBXGroup;
			children = (
				2FD6B1181CC92E5300189105 /* convertCurrency.app */,
			);
			name = Products;
			sourceTree = "<group>";
		};
		2FD6B11A1CC92E5300189105 /* convertCurrency */ = {
			isa = PBXGroup;
			children = (
				2FD6B11B1CC92E5300189105 /* AppDelegate.swift */,
				2FD6B11D1CC92E5300189105 /* ViewController.swift */,
				2FD6B12D1CC92FC700189105 /* Money.swift */,
				2FD6B11F1CC92E5300189105 /* Main.storyboard */,
				2FD6B1221CC92E5300189105 /* Assets.xcassets */,
				2FD6B1241CC92E5300189105 /* LaunchScreen.storyboard */,
				2FD6B1271CC92E5300189105 /* Info.plist */,
			);
			path = convertCurrency;
			sourceTree = "<group>";
		};
/* End PBXGroup section */

/* Begin PBXNativeTarget section */
		2FD6B1171CC92E5300189105 /* convertCurrency */ = {
			isa = PBXNativeTarget;
			buildConfigurationList = 2FD6B12A1CC92E5300189105 /* Build configuration list for PBXNativeTarget "convertCurrency" */;
			buildPhases = (
				2FD6B1141CC92E5300189105 /* Sources */,
				2FD6B1151CC92E5300189105 /* Frameworks */,
				2FD6B1161CC92E5300189105 /* Resources */,
			);
			buildRules = (
			);
			dependencies = (
			);
			name = convertCurrency;
			productName = convertCurrency;
			productReference = 2FD6B1181CC92E5300189105 /* convertCurrency.app */;
			productType = "com.apple.product-type.application";
		};
/* End PBXNativeTarget section */

/* Begin PBXProject section */
		2FD6B1101CC92E5300189105 /* Project object */ = {
			isa = PBXProject;
			attributes = {
				LastSwiftUpdateCheck = 0730;
				LastUpgradeCheck = 0730;
				ORGANIZATIONNAME = Hyeongseok.oh;
				TargetAttributes = {
					2FD6B1171CC92E5300189105 = {
						CreatedOnToolsVersion = 7.3;
					};
				};
			};
			buildConfigurationList = 2FD6B1131CC92E5300189105 /* Build configuration list for PBXProject "convertCurrency" */;
			compatibilityVersion = "Xcode 3.2";
			developmentRegion = English;
			hasScannedForEncodings = 0;
			knownRegions = (
				en,
				Base,
			);
			mainGroup = 2FD6B10F1CC92E5300189105;
			productRefGroup = 2FD6B1191CC92E5300189105 /* Products */;
			projectDirPath = "";
			projectRoot = "";
			targets = (
				2FD6B1171CC92E5300189105 /* convertCurrency */,
			);
		};
/* End PBXProject section */

/* Begin PBXResourcesBuildPhase section */
		2FD6B1161CC92E5300189105 /* Resources */ = {
			isa = PBXResourcesBuildPhase;
			buildActionMask = 2147483647;
			files = (
				2FD6B1261CC92E5300189105 /* LaunchScreen.storyboard in Resources */,
				2FD6B1231CC92E5300189105 /* Assets.xcassets in Resources */,
				2FD6B1211CC92E5300189105 /* Main.storyboard in Resources */,
			);
			runOnlyForDeploymentPostprocessing = 0;
		};
/* End PBXResourcesBuildPhase section */

/* Begin PBXSourcesBuildPhase section */
		2FD6B1141CC92E5300189105 /* Sources */ = {
			isa = PBXSourcesBuildPhase;
			buildActionMask = 2147483647;
			files = (
				2FD6B12E1CC92FC700189105 /* Money.swift in Sources */,
				2FD6B11E1CC92E5300189105 /* ViewController.swift in Sources */,
				2FD6B11C1CC92E5300189105 /* AppDelegate.swift in Sources */,
			);
			runOnlyForDeploymentPostprocessing = 0;
		};
/* End PBXSourcesBuildPhase section */

/* Begin PBXVariantGroup section */
		2FD6B11F1CC92E5300189105 /* Main.storyboard */ = {
			isa = PBXVariantGroup;
			children = (
				2FD6B1201CC92E5300189105 /* Base */,
			);
			name = Main.storyboard;
			sourceTree = "<group>";
		};
		2FD6B1241CC92E5300189105 /* LaunchScreen.storyboard */ = {
			isa = PBXVariantGroup;
			children = (
				2FD6B1251CC92E5300189105 /* Base */,
			);
			name = LaunchScreen.storyboard;
			sourceTree = "<group>";
		};
/* End PBXVariantGroup section */

/* Begin XCBuildConfiguration section */
		2FD6B1281CC92E5300189105 /* Debug */ = {
			isa = XCBuildConfiguration;
			buildSettings = {
				ALWAYS_SEARCH_USER_PATHS = NO;
				CLANG_ANALYZER_NONNULL = YES;
				CLANG_CXX_LANGUAGE_STANDARD = "gnu++0x";
				CLANG_CXX_LIBRARY = "libc++";
				CLANG_ENABLE_MODULES = YES;
				CLANG_ENABLE_OBJC_ARC = YES;
				CLANG_WARN_BOOL_CONVERSION = YES;
				CLANG_WARN_CONSTANT_CONVERSION = YES;
				CLANG_WARN_DIRECT_OBJC_ISA_USAGE = YES_ERROR;
				CLANG_WARN_EMPTY_BODY = YES;
				CLANG_WARN_ENUM_CONVERSION = YES;
				CLANG_WARN_INT_CONVERSION = YES;
				CLANG_WARN_OBJC_ROOT_CLASS = YES_ERROR;
				CLANG_WARN_UNREACHABLE_CODE = YES;
				CLANG_WARN__DUPLICATE_METHOD_MATCH = YES;
				"CODE_SIGN_IDENTITY[sdk=iphoneos*]" = "iPhone Developer";
				COPY_PHASE_STRIP = NO;
				DEBUG_INFORMATION_FORMAT = dwarf;
				ENABLE_STRICT_OBJC_MSGSEND = YES;
				ENABLE_TESTABILITY = YES;
				GCC_C_LANGUAGE_STANDARD = gnu99;
				GCC_DYNAMIC_NO_PIC = NO;
				GCC_NO_COMMON_BLOCKS = YES;
				GCC_OPTIMIZATION_LEVEL = 0;
				GCC_PREPROCESSOR_DEFINITIONS = (
					"DEBUG=1",
					"$(inherited)",
				);
				GCC_WARN_64_TO_32_BIT_CONVERSION = YES;
				GCC_WARN_ABOUT_RETURN_TYPE = YES_ERROR;
				GCC_WARN_UNDECLARED_SELECTOR = YES;
				GCC_WARN_UNINITIALIZED_AUTOS = YES_AGGRESSIVE;
				GCC_WARN_UNUSED_FUNCTION = YES;
				GCC_WARN_UNUSED_VARIABLE = YES;
				IPHONEOS_DEPLOYMENT_TARGET = 9.3;
				MTL_ENABLE_DEBUG_INFO = YES;
				ONLY_ACTIVE_ARCH = YES;
				SDKROOT = iphoneos;
				SWIFT_OPTIMIZATION_LEVEL = "-Onone";
			};
			name = Debug;
		};
		2FD6B1291CC92E5300189105 /* Release */ = {
			isa = XCBuildConfiguration;
			buildSettings = {
				ALWAYS_SEARCH_USER_PATHS = NO;
				CLANG_ANALYZER_NONNULL = YES;
				CLANG_CXX_LANGUAGE_STANDARD = "gnu++0x";
				CLANG_CXX_LIBRARY = "libc++";
				CLANG_ENABLE_MODULES = YES;
				CLANG_ENABLE_OBJC_ARC = YES;
				CLANG_WARN_BOOL_CONVERSION = YES;
				CLANG_WARN_CONSTANT_CONVERSION = YES;
				CLANG_WARN_DIRECT_OBJC_ISA_USAGE = YES_ERROR;
				CLANG_WARN_EMPTY_BODY = YES;
				CLANG_WARN_ENUM_CONVERSION = YES;
				CLANG_WARN_INT_CONVERSION = YES;
				CLANG_WARN_OBJC_ROOT_CLASS = YES_ERROR;
				CLANG_WARN_UNREACHABLE_CODE = YES;
				CLANG_WARN__DUPLICATE_METHOD_MATCH = YES;
				"CODE_SIGN_IDENTITY[sdk=iphoneos*]" = "iPhone Developer";
				COPY_PHASE_STRIP = NO;
				DEBUG_INFORMATION_FORMAT = "dwarf-with-dsym";
				ENABLE_NS_ASSERTIONS = NO;
				ENABLE_STRICT_OBJC_MSGSEND = YES;
				GCC_C_LANGUAGE_STANDARD = gnu99;
				GCC_NO_COMMON_BLOCKS = YES;
				GCC_WARN_64_TO_32_BIT_CONVERSION = YES;
				GCC_WARN_ABOUT_RETURN_TYPE = YES_ERROR;
				GCC_WARN_UNDECLARED_SELECTOR = YES;
				GCC_WARN_UNINITIALIZED_AUTOS = YES_AGGRESSIVE;
				GCC_WARN_UNUSED_FUNCTION = YES;
				GCC_WARN_UNUSED_VARIABLE = YES;
				IPHONEOS_DEPLOYMENT_TARGET = 9.3;
				MTL_ENABLE_DEBUG_INFO = NO;
				SDKROOT = iphoneos;
				VALIDATE_PRODUCT = YES;
			};
			name = Release;
		};
		2FD6B12B1CC92E5300189105 /* Debug */ = {
			isa = XCBuildConfiguration;
			buildSettings = {
				ASSETCATALOG_COMPILER_APPICON_NAME = AppIcon;
				INFOPLIST_FILE = convertCurrency/Info.plist;
				LD_RUNPATH_SEARCH_PATHS = "$(inherited) @executable_path/Frameworks";
				PRODUCT_BUNDLE_IDENTIFIER = hulk.convertCurrency;
				PRODUCT_NAME = "$(TARGET_NAME)";
			};
			name = Debug;
		};
		2FD6B12C1CC92E5300189105 /* Release */ = {
			isa = XCBuildConfiguration;
			buildSettings = {
				ASSETCATALOG_COMPILER_APPICON_NAME = AppIcon;
				INFOPLIST_FILE = convertCurrency/Info.plist;
				LD_RUNPATH_SEARCH_PATHS = "$(inherited) @executable_path/Frameworks";
				PRODUCT_BUNDLE_IDENTIFIER = hulk.convertCurrency;
				PRODUCT_NAME = "$(TARGET_NAME)";
			};
			name = Release;
		};
/* End XCBuildConfiguration section */

/* Begin XCConfigurationList section */
		2FD6B1131CC92E5300189105 /* Build configuration list for PBXProject "convertCurrency" */ = {
			isa = XCConfigurationList;
			buildConfigurations = (
				2FD6B1281CC92E5300189105 /* Debug */,
				2FD6B1291CC92E5300189105 /* Release */,
			);
			defaultConfigurationIsVisible = 0;
			defaultConfigurationName = Release;
		};
		2FD6B12A1CC92E5300189105 /* Build configuration list for PBXNativeTarget "convertCurrency" */ = {
			isa = XCConfigurationList;
			buildConfigurations = (
				2FD6B12B1CC92E5300189105 /* Debug */,
				2FD6B12C1CC92E5300189105 /* Release */,
			);
			defaultConfigurationIsVisible = 0;
		};
/* End XCConfigurationList section */
	};
	rootObject = 2FD6B1101CC92E5300189105 /* Project object */;
}
